{
    "_meta": {
        "hash": {
            "sha256": "ebc33e6973426947c189239a12596779183b8c5fd54a5da6635afa43d13ef7f5"
        },
        "pipfile-spec": 6,
        "requires": {
            "python_version": "3.10"
        },
        "sources": [
            {
                "name": "pypi",
                "url": "https://pypi.org/simple",
                "verify_ssl": true
            }
        ]
    },
    "default": {
        "akms-hash": {
            "hashes": [
                "sha256:06ce58613ea0b58bb1e7bda7bc645fd263401e9669a655d6a6956049c86813ec",
                "sha256:b7faaaf838288796851598bb6eb377f408a908d8f41ffcac56707dc7fc2c1e6f"
            ],
            "index": "pypi",
            "version": "==0.2.0"
        }
    },
    "develop": {}
}
